# This file is automatically @generated by Cargo.
# It is not intended for manual editing.
version = 4

[[package]]
name = "doge-cli"
version = "0.1.4"
dependencies = [
 "doge-compiler",
 "doge-interp",
 "doge-runtime",
]

[[package]]
name = "doge-compiler"
version = "0.1.4"

[[package]]
name = "doge-interp"
version = "0.1.4"
dependencies = [
 "doge-compiler",
 "doge-runtime",
]

[[package]]
name = "doge-runtime"
version = "0.1.4"
